{
  "requires": true,
  "lockfileVersion": 1,
  "dependencies": {
    "ng-lazyload-image": {
      "version": "9.1.3",
      "resolved": "https://registry.npmjs.org/ng-lazyload-image/-/ng-lazyload-image-9.1.3.tgz",
      "integrity": "sha512-GlajmzbKhQCvg9pcrASq4fe/MNv9KoifGe6N+xRbseaBrNj2uwU4Vwic041NlmAQFEkpDM1H2EJCAjjmJeF7Hg==",
      "requires": {
        "tslib": "^2.3.0"
      }
    },
    "tslib": {
      "version": "2.6.1",
      "resolved": "https://registry.npmjs.org/tslib/-/tslib-2.6.1.tgz",
      "integrity": "sha512-t0hLfiEKfMUoqhG+U1oid7Pva4bbDPHYfJNiB7BiIjRkj1pyC++4N3huJfqY6aRH6VTB0rvtzQwjM4K6qpfOig=="
    }
  }
}
